// !$*UTF8*$!
{
	archiveVersion = 1;
	classes = {
	};
	objectVersion = 48;
	objects = {

/* Begin PBXBuildFile section */
		30E54FD4215A438D003374D4 /* AppDelegate.swift in Sources */ = {isa = PBXBuildFile; fileRef = 30E54FD3215A438D003374D4 /* AppDelegate.swift */; };
		30E54FD6215A438D003374D4 /* ViewController.swift in Sources */ = {isa = PBXBuildFile; fileRef = 30E54FD5215A438D003374D4 /* ViewController.swift */; };
		30E54FD9215A438D003374D4 /* Main.storyboard in Resources */ = {isa = PBXBuildFile; fileRef = 30E54FD7215A438D003374D4 /* Main.storyboard */; };
		30E54FDB215A438D003374D4 /* Assets.xcassets in Resources */ = {isa = PBXBuildFile; fileRef = 30E54FDA215A438D003374D4 /* Assets.xcassets */; };
		30E54FDE215A438D003374D4 /* LaunchScreen.storyboard in Resources */ = {isa = PBXBuildFile; fileRef = 30E54FDC215A438D003374D4 /* LaunchScreen.storyboard */; };
		30E54FE6215A439E003374D4 /* PlayerView.swift in Sources */ = {isa = PBXBuildFile; fileRef = 30E54FE5215A439E003374D4 /* PlayerView.swift */; };
		30E54FE8215A43BE003374D4 /* VideoPlayerCell.swift in Sources */ = {isa = PBXBuildFile; fileRef = 30E54FE7215A43BE003374D4 /* VideoPlayerCell.swift */; };
		30E54FF4215A51FB003374D4 /* SOService.swift in Sources */ = {isa = PBXBuildFile; fileRef = 30E54FF2215A51FB003374D4 /* SOService.swift */; };
		30E54FF5215A51FB003374D4 /* SOAPI.swift in Sources */ = {isa = PBXBuildFile; fileRef = 30E54FF3215A51FB003374D4 /* SOAPI.swift */; };
		30E54FF7215A53D7003374D4 /* BaseModel.swift in Sources */ = {isa = PBXBuildFile; fileRef = 30E54FF6215A53D7003374D4 /* BaseModel.swift */; };
		30E54FF9215A53F3003374D4 /* LoginData.swift in Sources */ = {isa = PBXBuildFile; fileRef = 30E54FF8215A53F3003374D4 /* LoginData.swift */; };
		30E54FFB215A5405003374D4 /* ResponseData.swift in Sources */ = {isa = PBXBuildFile; fileRef = 30E54FFA215A5405003374D4 /* ResponseData.swift */; };
		30E54FFD215A57C9003374D4 /* SyncData.swift in Sources */ = {isa = PBXBuildFile; fileRef = 30E54FFC215A57C9003374D4 /* SyncData.swift */; };
		30E55008215A5821003374D4 /* GameSetting.swift in Sources */ = {isa = PBXBuildFile; fileRef = 30E54FFE215A581E003374D4 /* GameSetting.swift */; };
		30E55009215A5821003374D4 /* StoryContent.swift in Sources */ = {isa = PBXBuildFile; fileRef = 30E54FFF215A581E003374D4 /* StoryContent.swift */; };
		30E5500A215A5821003374D4 /* WheelOfFortune.swift in Sources */ = {isa = PBXBuildFile; fileRef = 30E55000215A581F003374D4 /* WheelOfFortune.swift */; };
		30E5500B215A5821003374D4 /* QuestionCategory.swift in Sources */ = {isa = PBXBuildFile; fileRef = 30E55001215A581F003374D4 /* QuestionCategory.swift */; };
		30E5500C215A5821003374D4 /* ProfileUrl.swift in Sources */ = {isa = PBXBuildFile; fileRef = 30E55002215A581F003374D4 /* ProfileUrl.swift */; };
		30E5500D215A5821003374D4 /* UserSetting.swift in Sources */ = {isa = PBXBuildFile; fileRef = 30E55003215A581F003374D4 /* UserSetting.swift */; };
		30E5500E215A5821003374D4 /* RequestParameter.swift in Sources */ = {isa = PBXBuildFile; fileRef = 30E55004215A5820003374D4 /* RequestParameter.swift */; };
		30E55010215A5821003374D4 /* SyncLog.swift in Sources */ = {isa = PBXBuildFile; fileRef = 30E55006215A5820003374D4 /* SyncLog.swift */; };
		30E55011215A5821003374D4 /* Question.swift in Sources */ = {isa = PBXBuildFile; fileRef = 30E55007215A5821003374D4 /* Question.swift */; };
		FDC0CBD6E2E1D2F078E9DCD1 /* Pods_VideoPlayInCellDemo.framework in Frameworks */ = {isa = PBXBuildFile; fileRef = 7EDC4D2309CE106CFF597D90 /* Pods_VideoPlayInCellDemo.framework */; };
/* End PBXBuildFile section */

/* Begin PBXFileReference section */
		30E54FD0215A438D003374D4 /* VideoPlayInCellDemo.app */ = {isa = PBXFileReference; explicitFileType = wrapper.application; includeInIndex = 0; path = VideoPlayInCellDemo.app; sourceTree = BUILT_PRODUCTS_DIR; };
		30E54FD3215A438D003374D4 /* AppDelegate.swift */ = {isa = PBXFileReference; lastKnownFileType = sourcecode.swift; path = AppDelegate.swift; sourceTree = "<group>"; };
		30E54FD5215A438D003374D4 /* ViewController.swift */ = {isa = PBXFileReference; lastKnownFileType = sourcecode.swift; path = ViewController.swift; sourceTree = "<group>"; };
		30E54FD8215A438D003374D4 /* Base */ = {isa = PBXFileReference; lastKnownFileType = file.storyboard; name = Base; path = Base.lproj/Main.storyboard; sourceTree = "<group>"; };
		30E54FDA215A438D003374D4 /* Assets.xcassets */ = {isa = PBXFileReference; lastKnownFileType = folder.assetcatalog; path = Assets.xcassets; sourceTree = "<group>"; };
		30E54FDD215A438D003374D4 /* Base */ = {isa = PBXFileReference; lastKnownFileType = file.storyboard; name = Base; path = Base.lproj/LaunchScreen.storyboard; sourceTree = "<group>"; };
		30E54FDF215A438D003374D4 /* Info.plist */ = {isa = PBXFileReference; lastKnownFileType = text.plist.xml; path = Info.plist; sourceTree = "<group>"; };
		30E54FE5215A439E003374D4 /* PlayerView.swift */ = {isa = PBXFileReference; fileEncoding = 4; lastKnownFileType = sourcecode.swift; path = PlayerView.swift; sourceTree = "<group>"; };
		30E54FE7215A43BE003374D4 /* VideoPlayerCell.swift */ = {isa = PBXFileReference; fileEncoding = 4; lastKnownFileType = sourcecode.swift; path = VideoPlayerCell.swift; sourceTree = "<group>"; };
		30E54FF2215A51FB003374D4 /* SOService.swift */ = {isa = PBXFileReference; fileEncoding = 4; lastKnownFileType = sourcecode.swift; path = SOService.swift; sourceTree = "<group>"; };
		30E54FF3215A51FB003374D4 /* SOAPI.swift */ = {isa = PBXFileReference; fileEncoding = 4; lastKnownFileType = sourcecode.swift; path = SOAPI.swift; sourceTree = "<group>"; };
		30E54FF6215A53D7003374D4 /* BaseModel.swift */ = {isa = PBXFileReference; fileEncoding = 4; lastKnownFileType = sourcecode.swift; path = BaseModel.swift; sourceTree = "<group>"; };
		30E54FF8215A53F3003374D4 /* LoginData.swift */ = {isa = PBXFileReference; fileEncoding = 4; lastKnownFileType = sourcecode.swift; path = LoginData.swift; sourceTree = "<group>"; };
		30E54FFA215A5405003374D4 /* ResponseData.swift */ = {isa = PBXFileReference; fileEncoding = 4; lastKnownFileType = sourcecode.swift; path = ResponseData.swift; sourceTree = "<group>"; };
		30E54FFC215A57C9003374D4 /* SyncData.swift */ = {isa = PBXFileReference; fileEncoding = 4; lastKnownFileType = sourcecode.swift; path = SyncData.swift; sourceTree = "<group>"; };
		30E54FFE215A581E003374D4 /* GameSetting.swift */ = {isa = PBXFileReference; fileEncoding = 4; lastKnownFileType = sourcecode.swift; path = GameSetting.swift; sourceTree = "<group>"; };
		30E54FFF215A581E003374D4 /* StoryContent.swift */ = {isa = PBXFileReference; fileEncoding = 4; lastKnownFileType = sourcecode.swift; path = StoryContent.swift; sourceTree = "<group>"; };
		30E55000215A581F003374D4 /* WheelOfFortune.swift */ = {isa = PBXFileReference; fileEncoding = 4; lastKnownFileType = sourcecode.swift; path = WheelOfFortune.swift; sourceTree = "<group>"; };
		30E55001215A581F003374D4 /* QuestionCategory.swift */ = {isa = PBXFileReference; fileEncoding = 4; lastKnownFileType = sourcecode.swift; path = QuestionCategory.swift; sourceTree = "<group>"; };
		30E55002215A581F003374D4 /* ProfileUrl.swift */ = {isa = PBXFileReference; fileEncoding = 4; lastKnownFileType = sourcecode.swift; path = ProfileUrl.swift; sourceTree = "<group>"; };
		30E55003215A581F003374D4 /* UserSetting.swift */ = {isa = PBXFileReference; fileEncoding = 4; lastKnownFileType = sourcecode.swift; path = UserSetting.swift; sourceTree = "<group>"; };
		30E55004215A5820003374D4 /* RequestParameter.swift */ = {isa = PBXFileReference; fileEncoding = 4; lastKnownFileType = sourcecode.swift; path = RequestParameter.swift; sourceTree = "<group>"; };
		30E55006215A5820003374D4 /* SyncLog.swift */ = {isa = PBXFileReference; fileEncoding = 4; lastKnownFileType = sourcecode.swift; path = SyncLog.swift; sourceTree = "<group>"; };
		30E55007215A5821003374D4 /* Question.swift */ = {isa = PBXFileReference; fileEncoding = 4; lastKnownFileType = sourcecode.swift; path = Question.swift; sourceTree = "<group>"; };
		397B61D37C3E10948535999F /* Pods-VideoPlayInCellDemo.release.xcconfig */ = {isa = PBXFileReference; includeInIndex = 1; lastKnownFileType = text.xcconfig; name = "Pods-VideoPlayInCellDemo.release.xcconfig"; path = "Pods/Target Support Files/Pods-VideoPlayInCellDemo/Pods-VideoPlayInCellDemo.release.xcconfig"; sourceTree = "<group>"; };
		7EDC4D2309CE106CFF597D90 /* Pods_VideoPlayInCellDemo.framework */ = {isa = PBXFileReference; explicitFileType = wrapper.framework; includeInIndex = 0; path = Pods_VideoPlayInCellDemo.framework; sourceTree = BUILT_PRODUCTS_DIR; };
		EF466C1BE0F9B9911ACCF1D5 /* Pods-VideoPlayInCellDemo.debug.xcconfig */ = {isa = PBXFileReference; includeInIndex = 1; lastKnownFileType = text.xcconfig; name = "Pods-VideoPlayInCellDemo.debug.xcconfig"; path = "Pods/Target Support Files/Pods-VideoPlayInCellDemo/Pods-VideoPlayInCellDemo.debug.xcconfig"; sourceTree = "<group>"; };
/* End PBXFileReference section */

/* Begin PBXFrameworksBuildPhase section */
		30E54FCD215A438D003374D4 /* Frameworks */ = {
			isa = PBXFrameworksBuildPhase;
			buildActionMask = 2147483647;
			files = (
				FDC0CBD6E2E1D2F078E9DCD1 /* Pods_VideoPlayInCellDemo.framework in Frameworks */,
			);
			runOnlyForDeploymentPostprocessing = 0;
		};
/* End PBXFrameworksBuildPhase section */

/* Begin PBXGroup section */
		30E54FC7215A438D003374D4 = {
			isa = PBXGroup;
			children = (
				30E54FD2215A438D003374D4 /* VideoPlayInCellDemo */,
				30E54FD1215A438D003374D4 /* Products */,
				EE8134F23A07E3C62E4F63D7 /* Pods */,
				EAB4F20965FADA43C4231C43 /* Frameworks */,
			);
			sourceTree = "<group>";
		};
		30E54FD1215A438D003374D4 /* Products */ = {
			isa = PBXGroup;
			children = (
				30E54FD0215A438D003374D4 /* VideoPlayInCellDemo.app */,
			);
			name = Products;
			sourceTree = "<group>";
		};
		30E54FD2215A438D003374D4 /* VideoPlayInCellDemo */ = {
			isa = PBXGroup;
			children = (
				30E54FD3215A438D003374D4 /* AppDelegate.swift */,
				30E54FD5215A438D003374D4 /* ViewController.swift */,
				30E54FE5215A439E003374D4 /* PlayerView.swift */,
				30E54FE7215A43BE003374D4 /* VideoPlayerCell.swift */,
				30E54FED215A4A9E003374D4 /* APIManager */,
				30E54FD7215A438D003374D4 /* Main.storyboard */,
				30E54FDA215A438D003374D4 /* Assets.xcassets */,
				30E54FDC215A438D003374D4 /* LaunchScreen.storyboard */,
				30E54FDF215A438D003374D4 /* Info.plist */,
			);
			path = VideoPlayInCellDemo;
			sourceTree = "<group>";
		};
		30E54FED215A4A9E003374D4 /* APIManager */ = {
			isa = PBXGroup;
			children = (
				30E54FFA215A5405003374D4 /* ResponseData.swift */,
				30E54FF6215A53D7003374D4 /* BaseModel.swift */,
				30E54FFE215A581E003374D4 /* GameSetting.swift */,
				30E55002215A581F003374D4 /* ProfileUrl.swift */,
				30E55007215A5821003374D4 /* Question.swift */,
				30E55001215A581F003374D4 /* QuestionCategory.swift */,
				30E55004215A5820003374D4 /* RequestParameter.swift */,
				30E54FFF215A581E003374D4 /* StoryContent.swift */,
				30E55006215A5820003374D4 /* SyncLog.swift */,
				30E55003215A581F003374D4 /* UserSetting.swift */,
				30E55000215A581F003374D4 /* WheelOfFortune.swift */,
				30E54FF8215A53F3003374D4 /* LoginData.swift */,
				30E54FFC215A57C9003374D4 /* SyncData.swift */,
				30E54FF3215A51FB003374D4 /* SOAPI.swift */,
				30E54FF2215A51FB003374D4 /* SOService.swift */,
			);
			path = APIManager;
			sourceTree = "<group>";
		};
		EAB4F20965FADA43C4231C43 /* Frameworks */ = {
			isa = PBXGroup;
			children = (
				7EDC4D2309CE106CFF597D90 /* Pods_VideoPlayInCellDemo.framework */,
			);
			name = Frameworks;
			sourceTree = "<group>";
		};
		EE8134F23A07E3C62E4F63D7 /* Pods */ = {
			isa = PBXGroup;
			children = (
				EF466C1BE0F9B9911ACCF1D5 /* Pods-VideoPlayInCellDemo.debug.xcconfig */,
				397B61D37C3E10948535999F /* Pods-VideoPlayInCellDemo.release.xcconfig */,
			);
			name = Pods;
			sourceTree = "<group>";
		};
/* End PBXGroup section */

/* Begin PBXNativeTarget section */
		30E54FCF215A438D003374D4 /* VideoPlayInCellDemo */ = {
			isa = PBXNativeTarget;
			buildConfigurationList = 30E54FE2215A438D003374D4 /* Build configuration list for PBXNativeTarget "VideoPlayInCellDemo" */;
			buildPhases = (
				D477F2328BD3C878CA7FEB6F /* [CP] Check Pods Manifest.lock */,
				30E54FCC215A438D003374D4 /* Sources */,
				30E54FCD215A438D003374D4 /* Frameworks */,
				30E54FCE215A438D003374D4 /* Resources */,
				0912662440E452E6F67D3B79 /* [CP] Embed Pods Frameworks */,
				461CC1CDFBBC7DA96E13E05D /* [CP] Copy Pods Resources */,
			);
			buildRules = (
			);
			dependencies = (
			);
			name = VideoPlayInCellDemo;
			productName = VideoPlayInCellDemo;
			productReference = 30E54FD0215A438D003374D4 /* VideoPlayInCellDemo.app */;
			productType = "com.apple.product-type.application";
		};
/* End PBXNativeTarget section */

/* Begin PBXProject section */
		30E54FC8215A438D003374D4 /* Project object */ = {
			isa = PBXProject;
			attributes = {
				LastSwiftUpdateCheck = 0920;
				LastUpgradeCheck = 0920;
				ORGANIZATIONNAME = "Hardip Kalola";
				TargetAttributes = {
					30E54FCF215A438D003374D4 = {
						CreatedOnToolsVersion = 9.2;
						ProvisioningStyle = Automatic;
					};
				};
			};
			buildConfigurationList = 30E54FCB215A438D003374D4 /* Build configuration list for PBXProject "VideoPlayInCellDemo" */;
			compatibilityVersion = "Xcode 8.0";
			developmentRegion = en;
			hasScannedForEncodings = 0;
			knownRegions = (
				en,
				Base,
			);
			mainGroup = 30E54FC7215A438D003374D4;
			productRefGroup = 30E54FD1215A438D003374D4 /* Products */;
			projectDirPath = "";
			projectRoot = "";
			targets = (
				30E54FCF215A438D003374D4 /* VideoPlayInCellDemo */,
			);
		};
/* End PBXProject section */

/* Begin PBXResourcesBuildPhase section */
		30E54FCE215A438D003374D4 /* Resources */ = {
			isa = PBXResourcesBuildPhase;
			buildActionMask = 2147483647;
			files = (
				30E54FDE215A438D003374D4 /* LaunchScreen.storyboard in Resources */,
				30E54FDB215A438D003374D4 /* Assets.xcassets in Resources */,
				30E54FD9215A438D003374D4 /* Main.storyboard in Resources */,
			);
			runOnlyForDeploymentPostprocessing = 0;
		};
/* End PBXResourcesBuildPhase section */

/* Begin PBXShellScriptBuildPhase section */
		0912662440E452E6F67D3B79 /* [CP] Embed Pods Frameworks */ = {
			isa = PBXShellScriptBuildPhase;
			buildActionMask = 2147483647;
			files = (
			);
			inputPaths = (
				"${SRCROOT}/Pods/Target Support Files/Pods-VideoPlayInCellDemo/Pods-VideoPlayInCellDemo-frameworks.sh",
				"${BUILT_PRODUCTS_DIR}/Alamofire/Alamofire.framework",
				"${BUILT_PRODUCTS_DIR}/Moya/Moya.framework",
				"${BUILT_PRODUCTS_DIR}/ReachabilitySwift/Reachability.framework",
				"${BUILT_PRODUCTS_DIR}/Result/Result.framework",
				"${BUILT_PRODUCTS_DIR}/SwiftyJSON/SwiftyJSON.framework",
			);
			name = "[CP] Embed Pods Frameworks";
			outputPaths = (
				"${TARGET_BUILD_DIR}/${FRAMEWORKS_FOLDER_PATH}/Alamofire.framework",
				"${TARGET_BUILD_DIR}/${FRAMEWORKS_FOLDER_PATH}/Moya.framework",
				"${TARGET_BUILD_DIR}/${FRAMEWORKS_FOLDER_PATH}/Reachability.framework",
				"${TARGET_BUILD_DIR}/${FRAMEWORKS_FOLDER_PATH}/Result.framework",
				"${TARGET_BUILD_DIR}/${FRAMEWORKS_FOLDER_PATH}/SwiftyJSON.framework",
			);
			runOnlyForDeploymentPostprocessing = 0;
			shellPath = /bin/sh;
			shellScript = "\"${SRCROOT}/Pods/Target Support Files/Pods-VideoPlayInCellDemo/Pods-VideoPlayInCellDemo-frameworks.sh\"\n";
			showEnvVarsInLog = 0;
		};
		461CC1CDFBBC7DA96E13E05D /* [CP] Copy Pods Resources */ = {
			isa = PBXShellScriptBuildPhase;
			buildActionMask = 2147483647;
			files = (
			);
			inputPaths = (
			);
			name = "[CP] Copy Pods Resources";
			outputPaths = (
			);
			runOnlyForDeploymentPostprocessing = 0;
			shellPath = /bin/sh;
			shellScript = "\"${SRCROOT}/Pods/Target Support Files/Pods-VideoPlayInCellDemo/Pods-VideoPlayInCellDemo-resources.sh\"\n";
			showEnvVarsInLog = 0;
		};
		D477F2328BD3C878CA7FEB6F /* [CP] Check Pods Manifest.lock */ = {
			isa = PBXShellScriptBuildPhase;
			buildActionMask = 2147483647;
			files = (
			);
			inputPaths = (
				"${PODS_PODFILE_DIR_PATH}/Podfile.lock",
				"${PODS_ROOT}/Manifest.lock",
			);
			name = "[CP] Check Pods Manifest.lock";
			outputPaths = (
				"$(DERIVED_FILE_DIR)/Pods-VideoPlayInCellDemo-checkManifestLockResult.txt",
			);
			runOnlyForDeploymentPostprocessing = 0;
			shellPath = /bin/sh;
			shellScript = "diff \"${PODS_PODFILE_DIR_PATH}/Podfile.lock\" \"${PODS_ROOT}/Manifest.lock\" > /dev/null\nif [ $? != 0 ] ; then\n    # print error to STDERR\n    echo \"error: The sandbox is not in sync with the Podfile.lock. Run 'pod install' or update your CocoaPods installation.\" >&2\n    exit 1\nfi\n# This output is used by Xcode 'outputs' to avoid re-running this script phase.\necho \"SUCCESS\" > \"${SCRIPT_OUTPUT_FILE_0}\"\n";
			showEnvVarsInLog = 0;
		};
/* End PBXShellScriptBuildPhase section */

/* Begin PBXSourcesBuildPhase section */
		30E54FCC215A438D003374D4 /* Sources */ = {
			isa = PBXSourcesBuildPhase;
			buildActionMask = 2147483647;
			files = (
				30E55008215A5821003374D4 /* GameSetting.swift in Sources */,
				30E54FE8215A43BE003374D4 /* VideoPlayerCell.swift in Sources */,
				30E54FE6215A439E003374D4 /* PlayerView.swift in Sources */,
				30E55010215A5821003374D4 /* SyncLog.swift in Sources */,
				30E5500B215A5821003374D4 /* QuestionCategory.swift in Sources */,
				30E55011215A5821003374D4 /* Question.swift in Sources */,
				30E5500C215A5821003374D4 /* ProfileUrl.swift in Sources */,
				30E54FF7215A53D7003374D4 /* BaseModel.swift in Sources */,
				30E54FF4215A51FB003374D4 /* SOService.swift in Sources */,
				30E5500E215A5821003374D4 /* RequestParameter.swift in Sources */,
				30E5500A215A5821003374D4 /* WheelOfFortune.swift in Sources */,
				30E54FFB215A5405003374D4 /* ResponseData.swift in Sources */,
				30E5500D215A5821003374D4 /* UserSetting.swift in Sources */,
				30E54FD6215A438D003374D4 /* ViewController.swift in Sources */,
				30E54FFD215A57C9003374D4 /* SyncData.swift in Sources */,
				30E54FF9215A53F3003374D4 /* LoginData.swift in Sources */,
				30E55009215A5821003374D4 /* StoryContent.swift in Sources */,
				30E54FD4215A438D003374D4 /* AppDelegate.swift in Sources */,
				30E54FF5215A51FB003374D4 /* SOAPI.swift in Sources */,
			);
			runOnlyForDeploymentPostprocessing = 0;
		};
/* End PBXSourcesBuildPhase section */

/* Begin PBXVariantGroup section */
		30E54FD7215A438D003374D4 /* Main.storyboard */ = {
			isa = PBXVariantGroup;
			children = (
				30E54FD8215A438D003374D4 /* Base */,
			);
			name = Main.storyboard;
			sourceTree = "<group>";
		};
		30E54FDC215A438D003374D4 /* LaunchScreen.storyboard */ = {
			isa = PBXVariantGroup;
			children = (
				30E54FDD215A438D003374D4 /* Base */,
			);
			name = LaunchScreen.storyboard;
			sourceTree = "<group>";
		};
/* End PBXVariantGroup section */

/* Begin XCBuildConfiguration section */
		30E54FE0215A438D003374D4 /* Debug */ = {
			isa = XCBuildConfiguration;
			buildSettings = {
				ALWAYS_SEARCH_USER_PATHS = NO;
				CLANG_ANALYZER_NONNULL = YES;
				CLANG_ANALYZER_NUMBER_OBJECT_CONVERSION = YES_AGGRESSIVE;
				CLANG_CXX_LANGUAGE_STANDARD = "gnu++14";
				CLANG_CXX_LIBRARY = "libc++";
				CLANG_ENABLE_MODULES = YES;
				CLANG_ENABLE_OBJC_ARC = YES;
				CLANG_WARN_BLOCK_CAPTURE_AUTORELEASING = YES;
				CLANG_WARN_BOOL_CONVERSION = YES;
				CLANG_WARN_COMMA = YES;
				CLANG_WARN_CONSTANT_CONVERSION = YES;
				CLANG_WARN_DIRECT_OBJC_ISA_USAGE = YES_ERROR;
				CLANG_WARN_DOCUMENTATION_COMMENTS = YES;
				CLANG_WARN_EMPTY_BODY = YES;
				CLANG_WARN_ENUM_CONVERSION = YES;
				CLANG_WARN_INFINITE_RECURSION = YES;
				CLANG_WARN_INT_CONVERSION = YES;
				CLANG_WARN_NON_LITERAL_NULL_CONVERSION = YES;
				CLANG_WARN_OBJC_LITERAL_CONVERSION = YES;
				CLANG_WARN_OBJC_ROOT_CLASS = YES_ERROR;
				CLANG_WARN_RANGE_LOOP_ANALYSIS = YES;
				CLANG_WARN_STRICT_PROTOTYPES = YES;
				CLANG_WARN_SUSPICIOUS_MOVE = YES;
				CLANG_WARN_UNGUARDED_AVAILABILITY = YES_AGGRESSIVE;
				CLANG_WARN_UNREACHABLE_CODE = YES;
				CLANG_WARN__DUPLICATE_METHOD_MATCH = YES;
				CODE_SIGN_IDENTITY = "iPhone Developer";
				COPY_PHASE_STRIP = NO;
				DEBUG_INFORMATION_FORMAT = dwarf;
				ENABLE_STRICT_OBJC_MSGSEND = YES;
				ENABLE_TESTABILITY = YES;
				GCC_C_LANGUAGE_STANDARD = gnu11;
				GCC_DYNAMIC_NO_PIC = NO;
				GCC_NO_COMMON_BLOCKS = YES;
				GCC_OPTIMIZATION_LEVEL = 0;
				GCC_PREPROCESSOR_DEFINITIONS = (
					"DEBUG=1",
					"$(inherited)",
				);
				GCC_WARN_64_TO_32_BIT_CONVERSION = YES;
				GCC_WARN_ABOUT_RETURN_TYPE = YES_ERROR;
				GCC_WARN_UNDECLARED_SELECTOR = YES;
				GCC_WARN_UNINITIALIZED_AUTOS = YES_AGGRESSIVE;
				GCC_WARN_UNUSED_FUNCTION = YES;
				GCC_WARN_UNUSED_VARIABLE = YES;
				IPHONEOS_DEPLOYMENT_TARGET = 11.2;
				MTL_ENABLE_DEBUG_INFO = YES;
				ONLY_ACTIVE_ARCH = YES;
				SDKROOT = iphoneos;
				SWIFT_ACTIVE_COMPILATION_CONDITIONS = DEBUG;
				SWIFT_OPTIMIZATION_LEVEL = "-Onone";
			};
			name = Debug;
		};
		30E54FE1215A438D003374D4 /* Release */ = {
			isa = XCBuildConfiguration;
			buildSettings = {
				ALWAYS_SEARCH_USER_PATHS = NO;
				CLANG_ANALYZER_NONNULL = YES;
				CLANG_ANALYZER_NUMBER_OBJECT_CONVERSION = YES_AGGRESSIVE;
				CLANG_CXX_LANGUAGE_STANDARD = "gnu++14";
				CLANG_CXX_LIBRARY = "libc++";
				CLANG_ENABLE_MODULES = YES;
				CLANG_ENABLE_OBJC_ARC = YES;
				CLANG_WARN_BLOCK_CAPTURE_AUTORELEASING = YES;
				CLANG_WARN_BOOL_CONVERSION = YES;
				CLANG_WARN_COMMA = YES;
				CLANG_WARN_CONSTANT_CONVERSION = YES;
				CLANG_WARN_DIRECT_OBJC_ISA_USAGE = YES_ERROR;
				CLANG_WARN_DOCUMENTATION_COMMENTS = YES;
				CLANG_WARN_EMPTY_BODY = YES;
				CLANG_WARN_ENUM_CONVERSION = YES;
				CLANG_WARN_INFINITE_RECURSION = YES;
				CLANG_WARN_INT_CONVERSION = YES;
				CLANG_WARN_NON_LITERAL_NULL_CONVERSION = YES;
				CLANG_WARN_OBJC_LITERAL_CONVERSION = YES;
				CLANG_WARN_OBJC_ROOT_CLASS = YES_ERROR;
				CLANG_WARN_RANGE_LOOP_ANALYSIS = YES;
				CLANG_WARN_STRICT_PROTOTYPES = YES;
				CLANG_WARN_SUSPICIOUS_MOVE = YES;
				CLANG_WARN_UNGUARDED_AVAILABILITY = YES_AGGRESSIVE;
				CLANG_WARN_UNREACHABLE_CODE = YES;
				CLANG_WARN__DUPLICATE_METHOD_MATCH = YES;
				CODE_SIGN_IDENTITY = "iPhone Developer";
				COPY_PHASE_STRIP = NO;
				DEBUG_INFORMATION_FORMAT = "dwarf-with-dsym";
				ENABLE_NS_ASSERTIONS = NO;
				ENABLE_STRICT_OBJC_MSGSEND = YES;
				GCC_C_LANGUAGE_STANDARD = gnu11;
				GCC_NO_COMMON_BLOCKS = YES;
				GCC_WARN_64_TO_32_BIT_CONVERSION = YES;
				GCC_WARN_ABOUT_RETURN_TYPE = YES_ERROR;
				GCC_WARN_UNDECLARED_SELECTOR = YES;
				GCC_WARN_UNINITIALIZED_AUTOS = YES_AGGRESSIVE;
				GCC_WARN_UNUSED_FUNCTION = YES;
				GCC_WARN_UNUSED_VARIABLE = YES;
				IPHONEOS_DEPLOYMENT_TARGET = 11.2;
				MTL_ENABLE_DEBUG_INFO = NO;
				SDKROOT = iphoneos;
				SWIFT_OPTIMIZATION_LEVEL = "-Owholemodule";
				VALIDATE_PRODUCT = YES;
			};
			name = Release;
		};
		30E54FE3215A438D003374D4 /* Debug */ = {
			isa = XCBuildConfiguration;
			baseConfigurationReference = EF466C1BE0F9B9911ACCF1D5 /* Pods-VideoPlayInCellDemo.debug.xcconfig */;
			buildSettings = {
				ASSETCATALOG_COMPILER_APPICON_NAME = AppIcon;
				CODE_SIGN_STYLE = Automatic;
				INFOPLIST_FILE = VideoPlayInCellDemo/Info.plist;
				LD_RUNPATH_SEARCH_PATHS = "$(inherited) @executable_path/Frameworks";
				PRODUCT_BUNDLE_IDENTIFIER = com.VideoPlayInCellDemo;
				PRODUCT_NAME = "$(TARGET_NAME)";
				SWIFT_VERSION = 4.0;
				TARGETED_DEVICE_FAMILY = "1,2";
			};
			name = Debug;
		};
		30E54FE4215A438D003374D4 /* Release */ = {
			isa = XCBuildConfiguration;
			baseConfigurationReference = 397B61D37C3E10948535999F /* Pods-VideoPlayInCellDemo.release.xcconfig */;
			buildSettings = {
				ASSETCATALOG_COMPILER_APPICON_NAME = AppIcon;
				CODE_SIGN_STYLE = Automatic;
				INFOPLIST_FILE = VideoPlayInCellDemo/Info.plist;
				LD_RUNPATH_SEARCH_PATHS = "$(inherited) @executable_path/Frameworks";
				PRODUCT_BUNDLE_IDENTIFIER = com.VideoPlayInCellDemo;
				PRODUCT_NAME = "$(TARGET_NAME)";
				SWIFT_VERSION = 4.0;
				TARGETED_DEVICE_FAMILY = "1,2";
			};
			name = Release;
		};
/* End XCBuildConfiguration section */

/* Begin XCConfigurationList section */
		30E54FCB215A438D003374D4 /* Build configuration list for PBXProject "VideoPlayInCellDemo" */ = {
			isa = XCConfigurationList;
			buildConfigurations = (
				30E54FE0215A438D003374D4 /* Debug */,
				30E54FE1215A438D003374D4 /* Release */,
			);
			defaultConfigurationIsVisible = 0;
			defaultConfigurationName = Release;
		};
		30E54FE2215A438D003374D4 /* Build configuration list for PBXNativeTarget "VideoPlayInCellDemo" */ = {
			isa = XCConfigurationList;
			buildConfigurations = (
				30E54FE3215A438D003374D4 /* Debug */,
				30E54FE4215A438D003374D4 /* Release */,
			);
			defaultConfigurationIsVisible = 0;
			defaultConfigurationName = Release;
		};
/* End XCConfigurationList section */
	};
	rootObject = 30E54FC8215A438D003374D4 /* Project object */;
}
